
Microsoft Visual Studio Solution File, Format Version 12.00
# Visual Studio 2013
VisualStudioVersion = 12.0.31101.0
MinimumVisualStudioVersion = 10.0.40219.1
Project("{FAE04EC0-301F-11D3-BF4B-00C04F79EFBC}") = "starshipxac.Shell", "Source\starshipxac.Shell\starshipxac.Shell.csproj", "{81A98110-CD02-4692-8329-A875969E66DD}"
EndProject
Project("{2150E333-8FDC-42A3-9474-1A3956D46DE8}") = "Samples", "Samples", "{75CF897B-9BED-4778-928A-B187315CD037}"
EndProject
Project("{2150E333-8FDC-42A3-9474-1A3956D46DE8}") = "UnitTest", "UnitTest", "{6CC4EA30-DE46-4FD2-A365-44FB46EEF97B}"
EndProject
Global
	GlobalSection(SolutionConfigurationPlatforms) = preSolution
		Debug|Any CPU = Debug|Any CPU
		Release|Any CPU = Release|Any CPU
	EndGlobalSection
	GlobalSection(ProjectConfigurationPlatforms) = postSolution
		{81A98110-CD02-4692-8329-A875969E66DD}.Debug|Any CPU.ActiveCfg = Debug|Any CPU
		{81A98110-CD02-4692-8329-A875969E66DD}.Debug|Any CPU.Build.0 = Debug|Any CPU
		{81A98110-CD02-4692-8329-A875969E66DD}.Release|Any CPU.ActiveCfg = Release|Any CPU
		{81A98110-CD02-4692-8329-A875969E66DD}.Release|Any CPU.Build.0 = Release|Any CPU
	EndGlobalSection
	GlobalSection(SolutionProperties) = preSolution
		HideSolutionNode = FALSE
	EndGlobalSection
EndGlobal
