
Microsoft Visual Studio Solution File, Format Version 12.00
# Visual Studio 2013
VisualStudioVersion = 12.0.31101.0
MinimumVisualStudioVersion = 10.0.40219.1
Project("{FAE04EC0-301F-11D3-BF4B-00C04F79EFBC}") = "starshipxac.Shell", "Source\starshipxac.Shell\starshipxac.Shell.csproj", "{81A98110-CD02-4692-8329-A875969E66DD}"
EndProject
Project("{2150E333-8FDC-42A3-9474-1A3956D46DE8}") = "Samples", "Samples", "{75CF897B-9BED-4778-928A-B187315CD037}"
EndProject
Project("{2150E333-8FDC-42A3-9474-1A3956D46DE8}") = "UnitTest", "UnitTest", "{6CC4EA30-DE46-4FD2-A365-44FB46EEF97B}"
EndProject
Project("{FAE04EC0-301F-11D3-BF4B-00C04F79EFBC}") = "starshipxac.Shell.UnitTest", "UnitTest\starshipxac.Shell.UnitTest\starshipxac.Shell.UnitTest.csproj", "{6B548BCC-7AAB-485E-A21C-7227872ECB09}"
EndProject
Project("{2150E333-8FDC-42A3-9474-1A3956D46DE8}") = ".nuget", ".nuget", "{03574CA3-86B5-4420-B276-916F9D0DDE2B}"
	ProjectSection(SolutionItems) = preProject
		.nuget\NuGet.Config = .nuget\NuGet.Config
		.nuget\NuGet.exe = .nuget\NuGet.exe
		.nuget\NuGet.targets = .nuget\NuGet.targets
	EndProjectSection
EndProject
Project("{FAE04EC0-301F-11D3-BF4B-00C04F79EFBC}") = "starshipxac.Windows.Shell", "Source\starshipxac.Windows.Shell\starshipxac.Windows.Shell.csproj", "{D1EC7E1A-983F-44DA-B0AD-4D48348686A0}"
EndProject
Project("{FAE04EC0-301F-11D3-BF4B-00C04F79EFBC}") = "starshipxac.Shell.TestTools", "UnitTest\starshipxac.Shell.TestTools\starshipxac.Shell.TestTools.csproj", "{5FB08661-6342-420F-ACA5-009591AC1ACB}"
EndProject
Project("{FAE04EC0-301F-11D3-BF4B-00C04F79EFBC}") = "ShellFileDialogSample", "Samples\ShellFileDialogSample\ShellFileDialogSample.csproj", "{6A63D736-ECE8-4B05-858A-88A8AF773C93}"
EndProject
Project("{FAE04EC0-301F-11D3-BF4B-00C04F79EFBC}") = "ShellKnownFoldersSample", "Samples\ShellKnownFoldersSample\ShellKnownFoldersSample.csproj", "{ED082A7E-5B9E-442C-9C5A-2E530A0AB3CD}"
EndProject
Project("{FAE04EC0-301F-11D3-BF4B-00C04F79EFBC}") = "ShellExplorerSample", "Samples\ShellExplorerSample\ShellExplorerSample.csproj", "{8F809D7A-8F04-4066-9446-DE9F29BA2B04}"
EndProject
Project("{FAE04EC0-301F-11D3-BF4B-00C04F79EFBC}") = "starshipxac.Windows", "Source\starshipxac.Windows\starshipxac.Windows.csproj", "{B6DD3F21-3A2D-4E6E-836C-4991ADE7AE9C}"
EndProject
Project("{FAE04EC0-301F-11D3-BF4B-00C04F79EFBC}") = "TaskDialogSample", "Samples\TaskDialogSample\TaskDialogSample.csproj", "{C900D914-00CB-4B0A-8286-5DF5E6DEC630}"
EndProject
Project("{FAE04EC0-301F-11D3-BF4B-00C04F79EFBC}") = "WindowsControlsSample", "Samples\WindowsControlsSample\WindowsControlsSample.csproj", "{F6D0A25C-7EE4-4597-B727-639C7E19B718}"
EndProject
Global
	GlobalSection(SolutionConfigurationPlatforms) = preSolution
		Debug|Any CPU = Debug|Any CPU
		Release|Any CPU = Release|Any CPU
	EndGlobalSection
	GlobalSection(ProjectConfigurationPlatforms) = postSolution
		{81A98110-CD02-4692-8329-A875969E66DD}.Debug|Any CPU.ActiveCfg = Debug|Any CPU
		{81A98110-CD02-4692-8329-A875969E66DD}.Debug|Any CPU.Build.0 = Debug|Any CPU
		{81A98110-CD02-4692-8329-A875969E66DD}.Release|Any CPU.ActiveCfg = Release|Any CPU
		{81A98110-CD02-4692-8329-A875969E66DD}.Release|Any CPU.Build.0 = Release|Any CPU
		{6B548BCC-7AAB-485E-A21C-7227872ECB09}.Debug|Any CPU.ActiveCfg = Debug|Any CPU
		{6B548BCC-7AAB-485E-A21C-7227872ECB09}.Debug|Any CPU.Build.0 = Debug|Any CPU
		{6B548BCC-7AAB-485E-A21C-7227872ECB09}.Release|Any CPU.ActiveCfg = Release|Any CPU
		{6B548BCC-7AAB-485E-A21C-7227872ECB09}.Release|Any CPU.Build.0 = Release|Any CPU
		{D1EC7E1A-983F-44DA-B0AD-4D48348686A0}.Debug|Any CPU.ActiveCfg = Debug|Any CPU
		{D1EC7E1A-983F-44DA-B0AD-4D48348686A0}.Debug|Any CPU.Build.0 = Debug|Any CPU
		{D1EC7E1A-983F-44DA-B0AD-4D48348686A0}.Release|Any CPU.ActiveCfg = Release|Any CPU
		{D1EC7E1A-983F-44DA-B0AD-4D48348686A0}.Release|Any CPU.Build.0 = Release|Any CPU
		{5FB08661-6342-420F-ACA5-009591AC1ACB}.Debug|Any CPU.ActiveCfg = Debug|Any CPU
		{5FB08661-6342-420F-ACA5-009591AC1ACB}.Debug|Any CPU.Build.0 = Debug|Any CPU
		{5FB08661-6342-420F-ACA5-009591AC1ACB}.Release|Any CPU.ActiveCfg = Release|Any CPU
		{5FB08661-6342-420F-ACA5-009591AC1ACB}.Release|Any CPU.Build.0 = Release|Any CPU
		{6A63D736-ECE8-4B05-858A-88A8AF773C93}.Debug|Any CPU.ActiveCfg = Debug|Any CPU
		{6A63D736-ECE8-4B05-858A-88A8AF773C93}.Debug|Any CPU.Build.0 = Debug|Any CPU
		{6A63D736-ECE8-4B05-858A-88A8AF773C93}.Release|Any CPU.ActiveCfg = Release|Any CPU
		{6A63D736-ECE8-4B05-858A-88A8AF773C93}.Release|Any CPU.Build.0 = Release|Any CPU
		{ED082A7E-5B9E-442C-9C5A-2E530A0AB3CD}.Debug|Any CPU.ActiveCfg = Debug|Any CPU
		{ED082A7E-5B9E-442C-9C5A-2E530A0AB3CD}.Debug|Any CPU.Build.0 = Debug|Any CPU
		{ED082A7E-5B9E-442C-9C5A-2E530A0AB3CD}.Release|Any CPU.ActiveCfg = Release|Any CPU
		{ED082A7E-5B9E-442C-9C5A-2E530A0AB3CD}.Release|Any CPU.Build.0 = Release|Any CPU
		{8F809D7A-8F04-4066-9446-DE9F29BA2B04}.Debug|Any CPU.ActiveCfg = Debug|Any CPU
		{8F809D7A-8F04-4066-9446-DE9F29BA2B04}.Debug|Any CPU.Build.0 = Debug|Any CPU
		{8F809D7A-8F04-4066-9446-DE9F29BA2B04}.Release|Any CPU.ActiveCfg = Release|Any CPU
		{8F809D7A-8F04-4066-9446-DE9F29BA2B04}.Release|Any CPU.Build.0 = Release|Any CPU
		{B6DD3F21-3A2D-4E6E-836C-4991ADE7AE9C}.Debug|Any CPU.ActiveCfg = Debug|Any CPU
		{B6DD3F21-3A2D-4E6E-836C-4991ADE7AE9C}.Debug|Any CPU.Build.0 = Debug|Any CPU
		{B6DD3F21-3A2D-4E6E-836C-4991ADE7AE9C}.Release|Any CPU.ActiveCfg = Release|Any CPU
		{B6DD3F21-3A2D-4E6E-836C-4991ADE7AE9C}.Release|Any CPU.Build.0 = Release|Any CPU
		{C900D914-00CB-4B0A-8286-5DF5E6DEC630}.Debug|Any CPU.ActiveCfg = Debug|Any CPU
		{C900D914-00CB-4B0A-8286-5DF5E6DEC630}.Debug|Any CPU.Build.0 = Debug|Any CPU
		{C900D914-00CB-4B0A-8286-5DF5E6DEC630}.Release|Any CPU.ActiveCfg = Release|Any CPU
		{C900D914-00CB-4B0A-8286-5DF5E6DEC630}.Release|Any CPU.Build.0 = Release|Any CPU
		{F6D0A25C-7EE4-4597-B727-639C7E19B718}.Debug|Any CPU.ActiveCfg = Debug|Any CPU
		{F6D0A25C-7EE4-4597-B727-639C7E19B718}.Debug|Any CPU.Build.0 = Debug|Any CPU
		{F6D0A25C-7EE4-4597-B727-639C7E19B718}.Release|Any CPU.ActiveCfg = Release|Any CPU
		{F6D0A25C-7EE4-4597-B727-639C7E19B718}.Release|Any CPU.Build.0 = Release|Any CPU
	EndGlobalSection
	GlobalSection(SolutionProperties) = preSolution
		HideSolutionNode = FALSE
	EndGlobalSection
	GlobalSection(NestedProjects) = preSolution
		{6B548BCC-7AAB-485E-A21C-7227872ECB09} = {6CC4EA30-DE46-4FD2-A365-44FB46EEF97B}
		{5FB08661-6342-420F-ACA5-009591AC1ACB} = {6CC4EA30-DE46-4FD2-A365-44FB46EEF97B}
		{6A63D736-ECE8-4B05-858A-88A8AF773C93} = {75CF897B-9BED-4778-928A-B187315CD037}
		{ED082A7E-5B9E-442C-9C5A-2E530A0AB3CD} = {75CF897B-9BED-4778-928A-B187315CD037}
		{8F809D7A-8F04-4066-9446-DE9F29BA2B04} = {75CF897B-9BED-4778-928A-B187315CD037}
		{C900D914-00CB-4B0A-8286-5DF5E6DEC630} = {75CF897B-9BED-4778-928A-B187315CD037}
		{F6D0A25C-7EE4-4597-B727-639C7E19B718} = {75CF897B-9BED-4778-928A-B187315CD037}
	EndGlobalSection
EndGlobal
